
Microsoft Visual Studio Solution File, Format Version 12.00
# Visual Studio 15
VisualStudioVersion = 15.0.28307.1022
MinimumVisualStudioVersion = 10.0.40219.1
Project("{FAE04EC0-301F-11D3-BF4B-00C04F79EFBC}") = "PhoneBookApp002", "PhoneBookApp002\PhoneBookApp002.csproj", "{5E8E113D-FB21-4AC9-B329-3607960A6817}"
EndProject
Global
	GlobalSection(SolutionConfigurationPlatforms) = preSolution
		Debug|Any CPU = Debug|Any CPU
		Release|Any CPU = Release|Any CPU
	EndGlobalSection
	GlobalSection(ProjectConfigurationPlatforms) = postSolution
		{5E8E113D-FB21-4AC9-B329-3607960A6817}.Debug|Any CPU.ActiveCfg = Debug|Any CPU
		{5E8E113D-FB21-4AC9-B329-3607960A6817}.Debug|Any CPU.Build.0 = Debug|Any CPU
		{5E8E113D-FB21-4AC9-B329-3607960A6817}.Release|Any CPU.ActiveCfg = Release|Any CPU
		{5E8E113D-FB21-4AC9-B329-3607960A6817}.Release|Any CPU.Build.0 = Release|Any CPU
	EndGlobalSection
	GlobalSection(SolutionProperties) = preSolution
		HideSolutionNode = FALSE
	EndGlobalSection
	GlobalSection(ExtensibilityGlobals) = postSolution
		SolutionGuid = {98A3C264-F06A-4816-B3B7-D43E1547F045}
	EndGlobalSection
EndGlobal
